
Microsoft Visual Studio Solution File, Format Version 12.00
# Visual Studio 15
VisualStudioVersion = 15.0.26206.0
MinimumVisualStudioVersion = 10.0.40219.1
Project("{FAE04EC0-301F-11D3-BF4B-00C04F79EFBC}") = "ModernStore.Domain", "ModernStore.Domain\ModernStore.Domain.csproj", "{3C7F39FC-5F7C-4E5A-BDD9-403B31340951}"
EndProject
Project("{FAE04EC0-301F-11D3-BF4B-00C04F79EFBC}") = "ModernStore.Shared", "ModernStore.Shared\ModernStore.Shared.csproj", "{EFD43ABD-5860-4020-A1E9-8B97B1906FA7}"
EndProject
Project("{FAE04EC0-301F-11D3-BF4B-00C04F79EFBC}") = "ModernStore.Domain.Test", "ModernStore.Domain.Test\ModernStore.Domain.Test.csproj", "{53B06F43-4A68-45E2-AF39-5A2D0485587E}"
EndProject
Project("{FAE04EC0-301F-11D3-BF4B-00C04F79EFBC}") = "ModernStore.Infra", "ModernStore.Infra\ModernStore.Infra.csproj", "{0E2C003A-CFC1-44F6-868F-F300496710C6}"
EndProject
Project("{2150E333-8FDC-42A3-9474-1A3956D46DE8}") = "1-API", "1-API", "{FEE6E1CA-66E4-45B1-8F25-5191D283F4F9}"
EndProject
Project("{2150E333-8FDC-42A3-9474-1A3956D46DE8}") = "2-Doamin", "2-Doamin", "{DB273F3C-CE38-40BE-A5FD-34100B4BD68D}"
EndProject
Project("{2150E333-8FDC-42A3-9474-1A3956D46DE8}") = "Infra", "Infra", "{4D18C13E-2E1E-4195-87E8-B6378E49DDD6}"
EndProject
Project("{FAE04EC0-301F-11D3-BF4B-00C04F79EFBC}") = "ModernStore.API", "ModernStore.API\ModernStore.API.csproj", "{372B13C4-1350-4A95-983D-2D019EAB5F03}"
EndProject
Global
	GlobalSection(SolutionConfigurationPlatforms) = preSolution
		Debug|Any CPU = Debug|Any CPU
		Debug|x64 = Debug|x64
		Debug|x86 = Debug|x86
		Release|Any CPU = Release|Any CPU
		Release|x64 = Release|x64
		Release|x86 = Release|x86
	EndGlobalSection
	GlobalSection(ProjectConfigurationPlatforms) = postSolution
		{3C7F39FC-5F7C-4E5A-BDD9-403B31340951}.Debug|Any CPU.ActiveCfg = Debug|Any CPU
		{3C7F39FC-5F7C-4E5A-BDD9-403B31340951}.Debug|Any CPU.Build.0 = Debug|Any CPU
		{3C7F39FC-5F7C-4E5A-BDD9-403B31340951}.Debug|x64.ActiveCfg = Debug|x64
		{3C7F39FC-5F7C-4E5A-BDD9-403B31340951}.Debug|x64.Build.0 = Debug|x64
		{3C7F39FC-5F7C-4E5A-BDD9-403B31340951}.Debug|x86.ActiveCfg = Debug|x86
		{3C7F39FC-5F7C-4E5A-BDD9-403B31340951}.Debug|x86.Build.0 = Debug|x86
		{3C7F39FC-5F7C-4E5A-BDD9-403B31340951}.Release|Any CPU.ActiveCfg = Release|Any CPU
		{3C7F39FC-5F7C-4E5A-BDD9-403B31340951}.Release|Any CPU.Build.0 = Release|Any CPU
		{3C7F39FC-5F7C-4E5A-BDD9-403B31340951}.Release|x64.ActiveCfg = Release|x64
		{3C7F39FC-5F7C-4E5A-BDD9-403B31340951}.Release|x64.Build.0 = Release|x64
		{3C7F39FC-5F7C-4E5A-BDD9-403B31340951}.Release|x86.ActiveCfg = Release|x86
		{3C7F39FC-5F7C-4E5A-BDD9-403B31340951}.Release|x86.Build.0 = Release|x86
		{EFD43ABD-5860-4020-A1E9-8B97B1906FA7}.Debug|Any CPU.ActiveCfg = Debug|Any CPU
		{EFD43ABD-5860-4020-A1E9-8B97B1906FA7}.Debug|Any CPU.Build.0 = Debug|Any CPU
		{EFD43ABD-5860-4020-A1E9-8B97B1906FA7}.Debug|x64.ActiveCfg = Debug|x64
		{EFD43ABD-5860-4020-A1E9-8B97B1906FA7}.Debug|x64.Build.0 = Debug|x64
		{EFD43ABD-5860-4020-A1E9-8B97B1906FA7}.Debug|x86.ActiveCfg = Debug|x86
		{EFD43ABD-5860-4020-A1E9-8B97B1906FA7}.Debug|x86.Build.0 = Debug|x86
		{EFD43ABD-5860-4020-A1E9-8B97B1906FA7}.Release|Any CPU.ActiveCfg = Release|Any CPU
		{EFD43ABD-5860-4020-A1E9-8B97B1906FA7}.Release|Any CPU.Build.0 = Release|Any CPU
		{EFD43ABD-5860-4020-A1E9-8B97B1906FA7}.Release|x64.ActiveCfg = Release|x64
		{EFD43ABD-5860-4020-A1E9-8B97B1906FA7}.Release|x64.Build.0 = Release|x64
		{EFD43ABD-5860-4020-A1E9-8B97B1906FA7}.Release|x86.ActiveCfg = Release|x86
		{EFD43ABD-5860-4020-A1E9-8B97B1906FA7}.Release|x86.Build.0 = Release|x86
		{53B06F43-4A68-45E2-AF39-5A2D0485587E}.Debug|Any CPU.ActiveCfg = Debug|Any CPU
		{53B06F43-4A68-45E2-AF39-5A2D0485587E}.Debug|Any CPU.Build.0 = Debug|Any CPU
		{53B06F43-4A68-45E2-AF39-5A2D0485587E}.Debug|x64.ActiveCfg = Debug|x64
		{53B06F43-4A68-45E2-AF39-5A2D0485587E}.Debug|x64.Build.0 = Debug|x64
		{53B06F43-4A68-45E2-AF39-5A2D0485587E}.Debug|x86.ActiveCfg = Debug|x86
		{53B06F43-4A68-45E2-AF39-5A2D0485587E}.Debug|x86.Build.0 = Debug|x86
		{53B06F43-4A68-45E2-AF39-5A2D0485587E}.Release|Any CPU.ActiveCfg = Release|Any CPU
		{53B06F43-4A68-45E2-AF39-5A2D0485587E}.Release|Any CPU.Build.0 = Release|Any CPU
		{53B06F43-4A68-45E2-AF39-5A2D0485587E}.Release|x64.ActiveCfg = Release|x64
		{53B06F43-4A68-45E2-AF39-5A2D0485587E}.Release|x64.Build.0 = Release|x64
		{53B06F43-4A68-45E2-AF39-5A2D0485587E}.Release|x86.ActiveCfg = Release|x86
		{53B06F43-4A68-45E2-AF39-5A2D0485587E}.Release|x86.Build.0 = Release|x86
		{0E2C003A-CFC1-44F6-868F-F300496710C6}.Debug|Any CPU.ActiveCfg = Debug|Any CPU
		{0E2C003A-CFC1-44F6-868F-F300496710C6}.Debug|Any CPU.Build.0 = Debug|Any CPU
		{0E2C003A-CFC1-44F6-868F-F300496710C6}.Debug|x64.ActiveCfg = Debug|x64
		{0E2C003A-CFC1-44F6-868F-F300496710C6}.Debug|x64.Build.0 = Debug|x64
		{0E2C003A-CFC1-44F6-868F-F300496710C6}.Debug|x86.ActiveCfg = Debug|x86
		{0E2C003A-CFC1-44F6-868F-F300496710C6}.Debug|x86.Build.0 = Debug|x86
		{0E2C003A-CFC1-44F6-868F-F300496710C6}.Release|Any CPU.ActiveCfg = Release|Any CPU
		{0E2C003A-CFC1-44F6-868F-F300496710C6}.Release|Any CPU.Build.0 = Release|Any CPU
		{0E2C003A-CFC1-44F6-868F-F300496710C6}.Release|x64.ActiveCfg = Release|x64
		{0E2C003A-CFC1-44F6-868F-F300496710C6}.Release|x64.Build.0 = Release|x64
		{0E2C003A-CFC1-44F6-868F-F300496710C6}.Release|x86.ActiveCfg = Release|x86
		{0E2C003A-CFC1-44F6-868F-F300496710C6}.Release|x86.Build.0 = Release|x86
		{372B13C4-1350-4A95-983D-2D019EAB5F03}.Debug|Any CPU.ActiveCfg = Debug|Any CPU
		{372B13C4-1350-4A95-983D-2D019EAB5F03}.Debug|Any CPU.Build.0 = Debug|Any CPU
		{372B13C4-1350-4A95-983D-2D019EAB5F03}.Debug|x64.ActiveCfg = Debug|x64
		{372B13C4-1350-4A95-983D-2D019EAB5F03}.Debug|x64.Build.0 = Debug|x64
		{372B13C4-1350-4A95-983D-2D019EAB5F03}.Debug|x86.ActiveCfg = Debug|x86
		{372B13C4-1350-4A95-983D-2D019EAB5F03}.Debug|x86.Build.0 = Debug|x86
		{372B13C4-1350-4A95-983D-2D019EAB5F03}.Release|Any CPU.ActiveCfg = Release|Any CPU
		{372B13C4-1350-4A95-983D-2D019EAB5F03}.Release|Any CPU.Build.0 = Release|Any CPU
		{372B13C4-1350-4A95-983D-2D019EAB5F03}.Release|x64.ActiveCfg = Release|x64
		{372B13C4-1350-4A95-983D-2D019EAB5F03}.Release|x64.Build.0 = Release|x64
		{372B13C4-1350-4A95-983D-2D019EAB5F03}.Release|x86.ActiveCfg = Release|x86
		{372B13C4-1350-4A95-983D-2D019EAB5F03}.Release|x86.Build.0 = Release|x86
	EndGlobalSection
	GlobalSection(SolutionProperties) = preSolution
		HideSolutionNode = FALSE
	EndGlobalSection
	GlobalSection(NestedProjects) = preSolution
		{3C7F39FC-5F7C-4E5A-BDD9-403B31340951} = {DB273F3C-CE38-40BE-A5FD-34100B4BD68D}
		{EFD43ABD-5860-4020-A1E9-8B97B1906FA7} = {DB273F3C-CE38-40BE-A5FD-34100B4BD68D}
		{53B06F43-4A68-45E2-AF39-5A2D0485587E} = {DB273F3C-CE38-40BE-A5FD-34100B4BD68D}
		{0E2C003A-CFC1-44F6-868F-F300496710C6} = {4D18C13E-2E1E-4195-87E8-B6378E49DDD6}
		{372B13C4-1350-4A95-983D-2D019EAB5F03} = {FEE6E1CA-66E4-45B1-8F25-5191D283F4F9}
	EndGlobalSection
EndGlobal
